// !$*UTF8*$!
{
 archiveVersion = 1;
 classes = {};
 objectVersion = 56;
 objects = {
  A1 = {isa = PBXProject; buildConfigurationList = A2; compatibilityVersion = "Xcode 14.0"; developmentRegion = en; mainGroup = A3; productRefGroup = A4; projectDirPath = ""; targets = (A5,); };
  A2 = {isa = XCConfigurationList; buildConfigurations = (A6,A7); defaultConfigurationIsVisible = 0; defaultConfigurationName = Release; };
  A3 = {isa = PBXGroup; children = (A8,A9,A10,A4); sourceTree = "<group>"; };
  A4 = {isa = PBXGroup; children = (A11,); name = Products; sourceTree = "<group>"; };
  A5 = {isa = PBXNativeTarget; buildConfigurationList = A12; buildPhases = (A13,A14,A15); buildRules = (); dependencies = (); name = StepWriter; productName = StepWriter; productReference = A11; productType = "com.apple.product-type.application"; };
  A6 = {isa = XCBuildConfiguration; buildSettings = {IPHONEOS_DEPLOYMENT_TARGET = 16.0; SDKROOT = iphoneos;}; name = Debug;};
  A7 = {isa = XCBuildConfiguration; buildSettings = {IPHONEOS_DEPLOYMENT_TARGET = 16.0; SDKROOT = iphoneos;}; name = Release;};
  A8 = {isa = PBXFileReference; lastKnownFileType = sourcecode.swift; path = StepWriter/StepWriterApp.swift; sourceTree = "<group>";};
  A9 = {isa = PBXFileReference; lastKnownFileType = sourcecode.swift; path = StepWriter/ContentView.swift; sourceTree = "<group>";};
  A10 = {isa = PBXFileReference; lastKnownFileType = text.plist.xml; path = StepWriter/Info.plist; sourceTree = "<group>";};
  A11 = {isa = PBXFileReference; explicitFileType = wrapper.application; includeInIndex = 0; path = StepWriter.app; sourceTree = BUILT_PRODUCTS_DIR;};
  A12 = {isa = XCConfigurationList; buildConfigurations = (A16,A17); defaultConfigurationIsVisible = 0; defaultConfigurationName = Release;};
  A13 = {isa = PBXSourcesBuildPhase; buildActionMask = 2147483647; files = (A18,A19); runOnlyForDeploymentPostprocessing = 0;};
  A14 = {isa = PBXFrameworksBuildPhase; buildActionMask = 2147483647; files = (); runOnlyForDeploymentPostprocessing = 0;};
  A15 = {isa = PBXResourcesBuildPhase; buildActionMask = 2147483647; files = (); runOnlyForDeploymentPostprocessing = 0;};
  A16 = {isa = XCBuildConfiguration; buildSettings = {CODE_SIGN_ENTITLEMENTS = StepWriter/StepWriter.entitlements; CODE_SIGN_STYLE = Automatic; GENERATE_INFOPLIST_FILE = NO; INFOPLIST_FILE = StepWriter/Info.plist; IPHONEOS_DEPLOYMENT_TARGET = 16.0; PRODUCT_BUNDLE_IDENTIFIER = com.example.StepWriter; PRODUCT_NAME = "$(TARGET_NAME)"; SDKROOT = iphoneos; SWIFT_VERSION = 5.0; TARGETED_DEVICE_FAMILY = 1;}; name = Debug;};
  A17 = {isa = XCBuildConfiguration; buildSettings = {CODE_SIGN_ENTITLEMENTS = StepWriter/StepWriter.entitlements; CODE_SIGN_STYLE = Automatic; GENERATE_INFOPLIST_FILE = NO; INFOPLIST_FILE = StepWriter/Info.plist; IPHONEOS_DEPLOYMENT_TARGET = 16.0; PRODUCT_BUNDLE_IDENTIFIER = com.example.StepWriter; PRODUCT_NAME = "$(TARGET_NAME)"; SDKROOT = iphoneos; SWIFT_VERSION = 5.0; TARGETED_DEVICE_FAMILY = 1;}; name = Release;};
  A18 = {isa = PBXBuildFile; fileRef = A8;};
  A19 = {isa = PBXBuildFile; fileRef = A9;};
 };
 rootObject = A1;
}
